// !$*UTF8*$!
{
	archiveVersion = 1;
	classes = {
	};
	objectVersion = 56;
	objects = {

/* Begin PBXBuildFile section */
		0134F9132B15504800BAE0A8 /* LiveVideoView.swift in Sources */ = {isa = PBXBuildFile; fileRef = 0134F9122B15504800BAE0A8 /* LiveVideoView.swift */; };
		0134F9152B1557EB00BAE0A8 /* VideoOverlayInfoCard.swift in Sources */ = {isa = PBXBuildFile; fileRef = 0134F9142B1557EB00BAE0A8 /* VideoOverlayInfoCard.swift */; };
		0134F9182B1583D300BAE0A8 /* VideoOverlayStatsView.swift in Sources */ = {isa = PBXBuildFile; fileRef = 0134F9172B1583D300BAE0A8 /* VideoOverlayStatsView.swift */; };
		0134F91A2B158AFE00BAE0A8 /* BoxscoreStatView.swift in Sources */ = {isa = PBXBuildFile; fileRef = 0134F9192B158AFE00BAE0A8 /* BoxscoreStatView.swift */; };
		0134F91F2B15A0B100BAE0A8 /* AddressModel.swift in Sources */ = {isa = PBXBuildFile; fileRef = 0134F91C2B15A0B100BAE0A8 /* AddressModel.swift */; };
		0134F9202B15A0B100BAE0A8 /* VenueModel.swift in Sources */ = {isa = PBXBuildFile; fileRef = 0134F91D2B15A0B100BAE0A8 /* VenueModel.swift */; };
		0134F9222B16CD4100BAE0A8 /* SportModel.swift in Sources */ = {isa = PBXBuildFile; fileRef = 0134F9212B16CD4100BAE0A8 /* SportModel.swift */; };
		0134F9242B16DD0900BAE0A8 /* CompetitionDetailView.swift in Sources */ = {isa = PBXBuildFile; fileRef = 0134F9232B16DD0800BAE0A8 /* CompetitionDetailView.swift */; };
		0143806E2ABF7D150065E908 /* EventDetailView.swift in Sources */ = {isa = PBXBuildFile; fileRef = 0143806D2ABF7D150065E908 /* EventDetailView.swift */; };
		014380702ABF862B0065E908 /* CompetitorView.swift in Sources */ = {isa = PBXBuildFile; fileRef = 0143806F2ABF862B0065E908 /* CompetitorView.swift */; };
		014380722AC08F890065E908 /* HeaderView.swift in Sources */ = {isa = PBXBuildFile; fileRef = 014380712AC08F890065E908 /* HeaderView.swift */; };
		014380742AC098E50065E908 /* CardTest.swift in Sources */ = {isa = PBXBuildFile; fileRef = 014380732AC098E50065E908 /* CardTest.swift */; };
		01469FFC2ABBDFDE00884993 /* PlayModel.swift in Sources */ = {isa = PBXBuildFile; fileRef = 01469FFB2ABBDFDE00884993 /* PlayModel.swift */; };
		01469FFE2ABBE01B00884993 /* SituationModel.swift in Sources */ = {isa = PBXBuildFile; fileRef = 01469FFD2ABBE01A00884993 /* SituationModel.swift */; };
		0146A0002ABBE0AB00884993 /* CompetitionStatusModel.swift in Sources */ = {isa = PBXBuildFile; fileRef = 01469FFF2ABBE0AB00884993 /* CompetitionStatusModel.swift */; };
		0146A0022ABBE11000884993 /* BroadcastModel.swift in Sources */ = {isa = PBXBuildFile; fileRef = 0146A0012ABBE11000884993 /* BroadcastModel.swift */; };
		0146A0042ABBE15B00884993 /* CuratedRankModel.swift in Sources */ = {isa = PBXBuildFile; fileRef = 0146A0032ABBE15B00884993 /* CuratedRankModel.swift */; };
		0146A0062ABBE18700884993 /* RecordModel.swift in Sources */ = {isa = PBXBuildFile; fileRef = 0146A0052ABBE18700884993 /* RecordModel.swift */; };
		0146A0082ABBE24B00884993 /* TeamModel.swift in Sources */ = {isa = PBXBuildFile; fileRef = 0146A0072ABBE24B00884993 /* TeamModel.swift */; };
		0159F84C2AB923D100A86590 /* testData.swift in Sources */ = {isa = PBXBuildFile; fileRef = 0159F84B2AB923D100A86590 /* testData.swift */; };
		0159F84F2AB9256300A86590 /* EventModel.swift in Sources */ = {isa = PBXBuildFile; fileRef = 0159F84E2AB9256300A86590 /* EventModel.swift */; };
		0159F8512AB925FB00A86590 /* CompetitionModel.swift in Sources */ = {isa = PBXBuildFile; fileRef = 0159F8502AB925FB00A86590 /* CompetitionModel.swift */; };
		0159F8532AB92E5100A86590 /* CompetitorModel.swift in Sources */ = {isa = PBXBuildFile; fileRef = 0159F8522AB92E5100A86590 /* CompetitorModel.swift */; };
		0159F8552AB92FDF00A86590 /* ScoreboardModel.swift in Sources */ = {isa = PBXBuildFile; fileRef = 0159F8542AB92FDF00A86590 /* ScoreboardModel.swift */; };
		0159F8572AB9329300A86590 /* ScoreboardListView.swift in Sources */ = {isa = PBXBuildFile; fileRef = 0159F8562AB9329300A86590 /* ScoreboardListView.swift */; };
		01A312BB2AB356CA00E2B9D2 /* ESPN_CloneApp.swift in Sources */ = {isa = PBXBuildFile; fileRef = 01A312BA2AB356CA00E2B9D2 /* ESPN_CloneApp.swift */; };
		01A312BD2AB356CA00E2B9D2 /* ContentView.swift in Sources */ = {isa = PBXBuildFile; fileRef = 01A312BC2AB356CA00E2B9D2 /* ContentView.swift */; };
		01A312BF2AB356CD00E2B9D2 /* Assets.xcassets in Resources */ = {isa = PBXBuildFile; fileRef = 01A312BE2AB356CD00E2B9D2 /* Assets.xcassets */; };
		01A312C32AB356CD00E2B9D2 /* Preview Assets.xcassets in Resources */ = {isa = PBXBuildFile; fileRef = 01A312C22AB356CD00E2B9D2 /* Preview Assets.xcassets */; };
		01A312CB2AB35A2E00E2B9D2 /* CardView.swift in Sources */ = {isa = PBXBuildFile; fileRef = 01A312CA2AB35A2E00E2B9D2 /* CardView.swift */; };
		01A312CD2AB35B7800E2B9D2 /* HomeView.swift in Sources */ = {isa = PBXBuildFile; fileRef = 01A312CC2AB35B7800E2B9D2 /* HomeView.swift */; };
		01A312D62AB3833B00E2B9D2 /* VideoView.swift in Sources */ = {isa = PBXBuildFile; fileRef = 01A312D52AB3833B00E2B9D2 /* VideoView.swift */; };
		01A312D82AB3A2D100E2B9D2 /* ArticleDetailView.swift in Sources */ = {isa = PBXBuildFile; fileRef = 01A312D72AB3A2D100E2B9D2 /* ArticleDetailView.swift */; };
		01A312DB2AB3A3D700E2B9D2 /* SwiftUI+HTML.swift in Sources */ = {isa = PBXBuildFile; fileRef = 01A312DA2AB3A3D700E2B9D2 /* SwiftUI+HTML.swift */; };
		01A312DD2AB628DC00E2B9D2 /* NewsFeedSectionView.swift in Sources */ = {isa = PBXBuildFile; fileRef = 01A312DC2AB628DC00E2B9D2 /* NewsFeedSectionView.swift */; };
		01A312DF2AB62D2B00E2B9D2 /* ScoresFeedSectionView.swift in Sources */ = {isa = PBXBuildFile; fileRef = 01A312DE2AB62D2B00E2B9D2 /* ScoresFeedSectionView.swift */; };
		01A312E12AB62E0900E2B9D2 /* CompetitorScoreView.swift in Sources */ = {isa = PBXBuildFile; fileRef = 01A312E02AB62E0900E2B9D2 /* CompetitorScoreView.swift */; };
		01A312E32AB6348600E2B9D2 /* CompetitionListItemView.swift in Sources */ = {isa = PBXBuildFile; fileRef = 01A312E22AB6348600E2B9D2 /* CompetitionListItemView.swift */; };
		01A312E62AB644CE00E2B9D2 /* MainSettingsView.swift in Sources */ = {isa = PBXBuildFile; fileRef = 01A312E52AB644CE00E2B9D2 /* MainSettingsView.swift */; };
/* End PBXBuildFile section */

/* Begin PBXFileReference section */
		0134F9122B15504800BAE0A8 /* LiveVideoView.swift */ = {isa = PBXFileReference; lastKnownFileType = sourcecode.swift; path = LiveVideoView.swift; sourceTree = "<group>"; };
		0134F9142B1557EB00BAE0A8 /* VideoOverlayInfoCard.swift */ = {isa = PBXFileReference; lastKnownFileType = sourcecode.swift; path = VideoOverlayInfoCard.swift; sourceTree = "<group>"; };
		0134F9172B1583D300BAE0A8 /* VideoOverlayStatsView.swift */ = {isa = PBXFileReference; lastKnownFileType = sourcecode.swift; path = VideoOverlayStatsView.swift; sourceTree = "<group>"; };
		0134F9192B158AFE00BAE0A8 /* BoxscoreStatView.swift */ = {isa = PBXFileReference; lastKnownFileType = sourcecode.swift; path = BoxscoreStatView.swift; sourceTree = "<group>"; };
		0134F91C2B15A0B100BAE0A8 /* AddressModel.swift */ = {isa = PBXFileReference; fileEncoding = 4; lastKnownFileType = sourcecode.swift; name = AddressModel.swift; path = "../../../../Downloads/Nation Swift (quicktype)/AddressModel.swift"; sourceTree = "<group>"; };
		0134F91D2B15A0B100BAE0A8 /* VenueModel.swift */ = {isa = PBXFileReference; fileEncoding = 4; lastKnownFileType = sourcecode.swift; name = VenueModel.swift; path = "../../../../Downloads/Nation Swift (quicktype)/VenueModel.swift"; sourceTree = "<group>"; };
		0134F9212B16CD4100BAE0A8 /* SportModel.swift */ = {isa = PBXFileReference; lastKnownFileType = sourcecode.swift; path = SportModel.swift; sourceTree = "<group>"; };
		0134F9232B16DD0800BAE0A8 /* CompetitionDetailView.swift */ = {isa = PBXFileReference; lastKnownFileType = sourcecode.swift; path = CompetitionDetailView.swift; sourceTree = "<group>"; };
		0143806D2ABF7D150065E908 /* EventDetailView.swift */ = {isa = PBXFileReference; lastKnownFileType = sourcecode.swift; path = EventDetailView.swift; sourceTree = "<group>"; };
		0143806F2ABF862B0065E908 /* CompetitorView.swift */ = {isa = PBXFileReference; lastKnownFileType = sourcecode.swift; path = CompetitorView.swift; sourceTree = "<group>"; };
		014380712AC08F890065E908 /* HeaderView.swift */ = {isa = PBXFileReference; lastKnownFileType = sourcecode.swift; path = HeaderView.swift; sourceTree = "<group>"; };
		014380732AC098E50065E908 /* CardTest.swift */ = {isa = PBXFileReference; lastKnownFileType = sourcecode.swift; path = CardTest.swift; sourceTree = "<group>"; };
		01469FFB2ABBDFDE00884993 /* PlayModel.swift */ = {isa = PBXFileReference; lastKnownFileType = sourcecode.swift; path = PlayModel.swift; sourceTree = "<group>"; };
		01469FFD2ABBE01A00884993 /* SituationModel.swift */ = {isa = PBXFileReference; lastKnownFileType = sourcecode.swift; path = SituationModel.swift; sourceTree = "<group>"; };
		01469FFF2ABBE0AB00884993 /* CompetitionStatusModel.swift */ = {isa = PBXFileReference; lastKnownFileType = sourcecode.swift; path = CompetitionStatusModel.swift; sourceTree = "<group>"; };
		0146A0012ABBE11000884993 /* BroadcastModel.swift */ = {isa = PBXFileReference; lastKnownFileType = sourcecode.swift; path = BroadcastModel.swift; sourceTree = "<group>"; };
		0146A0032ABBE15B00884993 /* CuratedRankModel.swift */ = {isa = PBXFileReference; lastKnownFileType = sourcecode.swift; path = CuratedRankModel.swift; sourceTree = "<group>"; };
		0146A0052ABBE18700884993 /* RecordModel.swift */ = {isa = PBXFileReference; lastKnownFileType = sourcecode.swift; path = RecordModel.swift; sourceTree = "<group>"; };
		0146A0072ABBE24B00884993 /* TeamModel.swift */ = {isa = PBXFileReference; lastKnownFileType = sourcecode.swift; path = TeamModel.swift; sourceTree = "<group>"; };
		0159F84B2AB923D100A86590 /* testData.swift */ = {isa = PBXFileReference; lastKnownFileType = sourcecode.swift; path = testData.swift; sourceTree = "<group>"; };
		0159F84E2AB9256300A86590 /* EventModel.swift */ = {isa = PBXFileReference; lastKnownFileType = sourcecode.swift; path = EventModel.swift; sourceTree = "<group>"; };
		0159F8502AB925FB00A86590 /* CompetitionModel.swift */ = {isa = PBXFileReference; lastKnownFileType = sourcecode.swift; path = CompetitionModel.swift; sourceTree = "<group>"; };
		0159F8522AB92E5100A86590 /* CompetitorModel.swift */ = {isa = PBXFileReference; lastKnownFileType = sourcecode.swift; path = CompetitorModel.swift; sourceTree = "<group>"; };
		0159F8542AB92FDF00A86590 /* ScoreboardModel.swift */ = {isa = PBXFileReference; lastKnownFileType = sourcecode.swift; path = ScoreboardModel.swift; sourceTree = "<group>"; };
		0159F8562AB9329300A86590 /* ScoreboardListView.swift */ = {isa = PBXFileReference; lastKnownFileType = sourcecode.swift; path = ScoreboardListView.swift; sourceTree = "<group>"; };
		01A312B72AB356CA00E2B9D2 /* ESPN Clone.app */ = {isa = PBXFileReference; explicitFileType = wrapper.application; includeInIndex = 0; path = "ESPN Clone.app"; sourceTree = BUILT_PRODUCTS_DIR; };
		01A312BA2AB356CA00E2B9D2 /* ESPN_CloneApp.swift */ = {isa = PBXFileReference; lastKnownFileType = sourcecode.swift; path = ESPN_CloneApp.swift; sourceTree = "<group>"; };
		01A312BC2AB356CA00E2B9D2 /* ContentView.swift */ = {isa = PBXFileReference; lastKnownFileType = sourcecode.swift; path = ContentView.swift; sourceTree = "<group>"; };
		01A312BE2AB356CD00E2B9D2 /* Assets.xcassets */ = {isa = PBXFileReference; lastKnownFileType = folder.assetcatalog; path = Assets.xcassets; sourceTree = "<group>"; };
		01A312C02AB356CD00E2B9D2 /* ESPN_Clone.entitlements */ = {isa = PBXFileReference; lastKnownFileType = text.plist.entitlements; path = ESPN_Clone.entitlements; sourceTree = "<group>"; };
		01A312C22AB356CD00E2B9D2 /* Preview Assets.xcassets */ = {isa = PBXFileReference; lastKnownFileType = folder.assetcatalog; path = "Preview Assets.xcassets"; sourceTree = "<group>"; };
		01A312CA2AB35A2E00E2B9D2 /* CardView.swift */ = {isa = PBXFileReference; lastKnownFileType = sourcecode.swift; path = CardView.swift; sourceTree = "<group>"; };
		01A312CC2AB35B7800E2B9D2 /* HomeView.swift */ = {isa = PBXFileReference; lastKnownFileType = sourcecode.swift; path = HomeView.swift; sourceTree = "<group>"; };
		01A312D52AB3833B00E2B9D2 /* VideoView.swift */ = {isa = PBXFileReference; lastKnownFileType = sourcecode.swift; path = VideoView.swift; sourceTree = "<group>"; };
		01A312D72AB3A2D100E2B9D2 /* ArticleDetailView.swift */ = {isa = PBXFileReference; lastKnownFileType = sourcecode.swift; path = ArticleDetailView.swift; sourceTree = "<group>"; };
		01A312DA2AB3A3D700E2B9D2 /* SwiftUI+HTML.swift */ = {isa = PBXFileReference; lastKnownFileType = sourcecode.swift; path = "SwiftUI+HTML.swift"; sourceTree = "<group>"; };
		01A312DC2AB628DC00E2B9D2 /* NewsFeedSectionView.swift */ = {isa = PBXFileReference; lastKnownFileType = sourcecode.swift; path = NewsFeedSectionView.swift; sourceTree = "<group>"; };
		01A312DE2AB62D2B00E2B9D2 /* ScoresFeedSectionView.swift */ = {isa = PBXFileReference; lastKnownFileType = sourcecode.swift; path = ScoresFeedSectionView.swift; sourceTree = "<group>"; };
		01A312E02AB62E0900E2B9D2 /* CompetitorScoreView.swift */ = {isa = PBXFileReference; lastKnownFileType = sourcecode.swift; path = CompetitorScoreView.swift; sourceTree = "<group>"; };
		01A312E22AB6348600E2B9D2 /* CompetitionListItemView.swift */ = {isa = PBXFileReference; lastKnownFileType = sourcecode.swift; path = CompetitionListItemView.swift; sourceTree = "<group>"; };
		01A312E52AB644CE00E2B9D2 /* MainSettingsView.swift */ = {isa = PBXFileReference; lastKnownFileType = sourcecode.swift; path = MainSettingsView.swift; sourceTree = "<group>"; };
/* End PBXFileReference section */

/* Begin PBXFrameworksBuildPhase section */
		01A312B42AB356CA00E2B9D2 /* Frameworks */ = {
			isa = PBXFrameworksBuildPhase;
			buildActionMask = 2147483647;
			files = (
			);
			runOnlyForDeploymentPostprocessing = 0;
		};
/* End PBXFrameworksBuildPhase section */

/* Begin PBXGroup section */
		0134F9162B15839B00BAE0A8 /* Video Overlay */ = {
			isa = PBXGroup;
			children = (
				0134F9142B1557EB00BAE0A8 /* VideoOverlayInfoCard.swift */,
				0134F9172B1583D300BAE0A8 /* VideoOverlayStatsView.swift */,
				0134F9192B158AFE00BAE0A8 /* BoxscoreStatView.swift */,
			);
			path = "Video Overlay";
			sourceTree = "<group>";
		};
		0159F84D2AB9251D00A86590 /* Models */ = {
			isa = PBXGroup;
			children = (
				0159F84E2AB9256300A86590 /* EventModel.swift */,
				0159F8502AB925FB00A86590 /* CompetitionModel.swift */,
				0159F8522AB92E5100A86590 /* CompetitorModel.swift */,
				0159F8542AB92FDF00A86590 /* ScoreboardModel.swift */,
				01469FFB2ABBDFDE00884993 /* PlayModel.swift */,
				01469FFD2ABBE01A00884993 /* SituationModel.swift */,
				0134F91C2B15A0B100BAE0A8 /* AddressModel.swift */,
				0134F91D2B15A0B100BAE0A8 /* VenueModel.swift */,
				01469FFF2ABBE0AB00884993 /* CompetitionStatusModel.swift */,
				0146A0012ABBE11000884993 /* BroadcastModel.swift */,
				0146A0032ABBE15B00884993 /* CuratedRankModel.swift */,
				0146A0052ABBE18700884993 /* RecordModel.swift */,
				0146A0072ABBE24B00884993 /* TeamModel.swift */,
				0134F9212B16CD4100BAE0A8 /* SportModel.swift */,
			);
			path = Models;
			sourceTree = "<group>";
		};
		01A312AE2AB356CA00E2B9D2 = {
			isa = PBXGroup;
			children = (
				01A312B92AB356CA00E2B9D2 /* ESPN Clone */,
				01A312B82AB356CA00E2B9D2 /* Products */,
			);
			sourceTree = "<group>";
		};
		01A312B82AB356CA00E2B9D2 /* Products */ = {
			isa = PBXGroup;
			children = (
				01A312B72AB356CA00E2B9D2 /* ESPN Clone.app */,
			);
			name = Products;
			sourceTree = "<group>";
		};
		01A312B92AB356CA00E2B9D2 /* ESPN Clone */ = {
			isa = PBXGroup;
			children = (
				0159F84D2AB9251D00A86590 /* Models */,
				01A312D92AB3A3CA00E2B9D2 /* Extensions */,
				01A312C92AB35A0500E2B9D2 /* Views */,
				01A312BA2AB356CA00E2B9D2 /* ESPN_CloneApp.swift */,
				01A312BC2AB356CA00E2B9D2 /* ContentView.swift */,
				01A312BE2AB356CD00E2B9D2 /* Assets.xcassets */,
				01A312C02AB356CD00E2B9D2 /* ESPN_Clone.entitlements */,
				01A312C12AB356CD00E2B9D2 /* Preview Content */,
				0159F84B2AB923D100A86590 /* testData.swift */,
			);
			path = "ESPN Clone";
			sourceTree = "<group>";
		};
		01A312C12AB356CD00E2B9D2 /* Preview Content */ = {
			isa = PBXGroup;
			children = (
				01A312C22AB356CD00E2B9D2 /* Preview Assets.xcassets */,
			);
			path = "Preview Content";
			sourceTree = "<group>";
		};
		01A312C92AB35A0500E2B9D2 /* Views */ = {
			isa = PBXGroup;
			children = (
				0134F9162B15839B00BAE0A8 /* Video Overlay */,
				01A312E42AB644A900E2B9D2 /* Main Views */,
				01A312CA2AB35A2E00E2B9D2 /* CardView.swift */,
				01A312D52AB3833B00E2B9D2 /* VideoView.swift */,
				01A312D72AB3A2D100E2B9D2 /* ArticleDetailView.swift */,
				01A312DC2AB628DC00E2B9D2 /* NewsFeedSectionView.swift */,
				01A312DE2AB62D2B00E2B9D2 /* ScoresFeedSectionView.swift */,
				01A312E02AB62E0900E2B9D2 /* CompetitorScoreView.swift */,
				01A312E22AB6348600E2B9D2 /* CompetitionListItemView.swift */,
				0159F8562AB9329300A86590 /* ScoreboardListView.swift */,
				0143806D2ABF7D150065E908 /* EventDetailView.swift */,
				0143806F2ABF862B0065E908 /* CompetitorView.swift */,
				014380712AC08F890065E908 /* HeaderView.swift */,
				014380732AC098E50065E908 /* CardTest.swift */,
				0134F9122B15504800BAE0A8 /* LiveVideoView.swift */,
				0134F9232B16DD0800BAE0A8 /* CompetitionDetailView.swift */,
			);
			path = Views;
			sourceTree = "<group>";
		};
		01A312D92AB3A3CA00E2B9D2 /* Extensions */ = {
			isa = PBXGroup;
			children = (
				01A312DA2AB3A3D700E2B9D2 /* SwiftUI+HTML.swift */,
			);
			path = Extensions;
			sourceTree = "<group>";
		};
		01A312E42AB644A900E2B9D2 /* Main Views */ = {
			isa = PBXGroup;
			children = (
				01A312CC2AB35B7800E2B9D2 /* HomeView.swift */,
				01A312E52AB644CE00E2B9D2 /* MainSettingsView.swift */,
			);
			path = "Main Views";
			sourceTree = "<group>";
		};
/* End PBXGroup section */

/* Begin PBXNativeTarget section */
		01A312B62AB356CA00E2B9D2 /* ESPN Clone */ = {
			isa = PBXNativeTarget;
			buildConfigurationList = 01A312C62AB356CD00E2B9D2 /* Build configuration list for PBXNativeTarget "ESPN Clone" */;
			buildPhases = (
				01A312B32AB356CA00E2B9D2 /* Sources */,
				01A312B42AB356CA00E2B9D2 /* Frameworks */,
				01A312B52AB356CA00E2B9D2 /* Resources */,
			);
			buildRules = (
			);
			dependencies = (
			);
			name = "ESPN Clone";
			productName = "ESPN Clone";
			productReference = 01A312B72AB356CA00E2B9D2 /* ESPN Clone.app */;
			productType = "com.apple.product-type.application";
		};
/* End PBXNativeTarget section */

/* Begin PBXProject section */
		01A312AF2AB356CA00E2B9D2 /* Project object */ = {
			isa = PBXProject;
			attributes = {
				BuildIndependentTargetsInParallel = 1;
				LastSwiftUpdateCheck = 1500;
				LastUpgradeCheck = 1500;
				TargetAttributes = {
					01A312B62AB356CA00E2B9D2 = {
						CreatedOnToolsVersion = 15.0;
					};
				};
			};
			buildConfigurationList = 01A312B22AB356CA00E2B9D2 /* Build configuration list for PBXProject "ESPN Clone" */;
			compatibilityVersion = "Xcode 14.0";
			developmentRegion = en;
			hasScannedForEncodings = 0;
			knownRegions = (
				en,
				Base,
			);
			mainGroup = 01A312AE2AB356CA00E2B9D2;
			productRefGroup = 01A312B82AB356CA00E2B9D2 /* Products */;
			projectDirPath = "";
			projectRoot = "";
			targets = (
				01A312B62AB356CA00E2B9D2 /* ESPN Clone */,
			);
		};
/* End PBXProject section */

/* Begin PBXResourcesBuildPhase section */
		01A312B52AB356CA00E2B9D2 /* Resources */ = {
			isa = PBXResourcesBuildPhase;
			buildActionMask = 2147483647;
			files = (
				01A312C32AB356CD00E2B9D2 /* Preview Assets.xcassets in Resources */,
				01A312BF2AB356CD00E2B9D2 /* Assets.xcassets in Resources */,
			);
			runOnlyForDeploymentPostprocessing = 0;
		};
/* End PBXResourcesBuildPhase section */

/* Begin PBXSourcesBuildPhase section */
		01A312B32AB356CA00E2B9D2 /* Sources */ = {
			isa = PBXSourcesBuildPhase;
			buildActionMask = 2147483647;
			files = (
				0159F8552AB92FDF00A86590 /* ScoreboardModel.swift in Sources */,
				01A312DB2AB3A3D700E2B9D2 /* SwiftUI+HTML.swift in Sources */,
				014380702ABF862B0065E908 /* CompetitorView.swift in Sources */,
				0146A0042ABBE15B00884993 /* CuratedRankModel.swift in Sources */,
				01A312D82AB3A2D100E2B9D2 /* ArticleDetailView.swift in Sources */,
				01A312E62AB644CE00E2B9D2 /* MainSettingsView.swift in Sources */,
				01A312E12AB62E0900E2B9D2 /* CompetitorScoreView.swift in Sources */,
				0146A0022ABBE11000884993 /* BroadcastModel.swift in Sources */,
				0134F91A2B158AFE00BAE0A8 /* BoxscoreStatView.swift in Sources */,
				0159F84F2AB9256300A86590 /* EventModel.swift in Sources */,
				01A312E32AB6348600E2B9D2 /* CompetitionListItemView.swift in Sources */,
				0159F8512AB925FB00A86590 /* CompetitionModel.swift in Sources */,
				0134F9202B15A0B100BAE0A8 /* VenueModel.swift in Sources */,
				01469FFC2ABBDFDE00884993 /* PlayModel.swift in Sources */,
				0134F9152B1557EB00BAE0A8 /* VideoOverlayInfoCard.swift in Sources */,
				014380742AC098E50065E908 /* CardTest.swift in Sources */,
				0159F8532AB92E5100A86590 /* CompetitorModel.swift in Sources */,
				0146A0002ABBE0AB00884993 /* CompetitionStatusModel.swift in Sources */,
				0159F84C2AB923D100A86590 /* testData.swift in Sources */,
				01A312BD2AB356CA00E2B9D2 /* ContentView.swift in Sources */,
				01A312DF2AB62D2B00E2B9D2 /* ScoresFeedSectionView.swift in Sources */,
				0134F9242B16DD0900BAE0A8 /* CompetitionDetailView.swift in Sources */,
				0146A0082ABBE24B00884993 /* TeamModel.swift in Sources */,
				0143806E2ABF7D150065E908 /* EventDetailView.swift in Sources */,
				0134F9132B15504800BAE0A8 /* LiveVideoView.swift in Sources */,
				0134F9222B16CD4100BAE0A8 /* SportModel.swift in Sources */,
				0159F8572AB9329300A86590 /* ScoreboardListView.swift in Sources */,
				01A312D62AB3833B00E2B9D2 /* VideoView.swift in Sources */,
				01A312DD2AB628DC00E2B9D2 /* NewsFeedSectionView.swift in Sources */,
				01469FFE2ABBE01B00884993 /* SituationModel.swift in Sources */,
				0134F9182B1583D300BAE0A8 /* VideoOverlayStatsView.swift in Sources */,
				0146A0062ABBE18700884993 /* RecordModel.swift in Sources */,
				01A312CD2AB35B7800E2B9D2 /* HomeView.swift in Sources */,
				01A312CB2AB35A2E00E2B9D2 /* CardView.swift in Sources */,
				01A312BB2AB356CA00E2B9D2 /* ESPN_CloneApp.swift in Sources */,
				014380722AC08F890065E908 /* HeaderView.swift in Sources */,
				0134F91F2B15A0B100BAE0A8 /* AddressModel.swift in Sources */,
			);
			runOnlyForDeploymentPostprocessing = 0;
		};
/* End PBXSourcesBuildPhase section */

/* Begin XCBuildConfiguration section */
		01A312C42AB356CD00E2B9D2 /* Debug */ = {
			isa = XCBuildConfiguration;
			buildSettings = {
				ALWAYS_SEARCH_USER_PATHS = NO;
				ASSETCATALOG_COMPILER_GENERATE_SWIFT_ASSET_SYMBOL_EXTENSIONS = YES;
				CLANG_ANALYZER_NONNULL = YES;
				CLANG_ANALYZER_NUMBER_OBJECT_CONVERSION = YES_AGGRESSIVE;
				CLANG_CXX_LANGUAGE_STANDARD = "gnu++20";
				CLANG_ENABLE_MODULES = YES;
				CLANG_ENABLE_OBJC_ARC = YES;
				CLANG_ENABLE_OBJC_WEAK = YES;
				CLANG_WARN_BLOCK_CAPTURE_AUTORELEASING = YES;
				CLANG_WARN_BOOL_CONVERSION = YES;
				CLANG_WARN_COMMA = YES;
				CLANG_WARN_CONSTANT_CONVERSION = YES;
				CLANG_WARN_DEPRECATED_OBJC_IMPLEMENTATIONS = YES;
				CLANG_WARN_DIRECT_OBJC_ISA_USAGE = YES_ERROR;
				CLANG_WARN_DOCUMENTATION_COMMENTS = YES;
				CLANG_WARN_EMPTY_BODY = YES;
				CLANG_WARN_ENUM_CONVERSION = YES;
				CLANG_WARN_INFINITE_RECURSION = YES;
				CLANG_WARN_INT_CONVERSION = YES;
				CLANG_WARN_NON_LITERAL_NULL_CONVERSION = YES;
				CLANG_WARN_OBJC_IMPLICIT_RETAIN_SELF = YES;
				CLANG_WARN_OBJC_LITERAL_CONVERSION = YES;
				CLANG_WARN_OBJC_ROOT_CLASS = YES_ERROR;
				CLANG_WARN_QUOTED_INCLUDE_IN_FRAMEWORK_HEADER = YES;
				CLANG_WARN_RANGE_LOOP_ANALYSIS = YES;
				CLANG_WARN_STRICT_PROTOTYPES = YES;
				CLANG_WARN_SUSPICIOUS_MOVE = YES;
				CLANG_WARN_UNGUARDED_AVAILABILITY = YES_AGGRESSIVE;
				CLANG_WARN_UNREACHABLE_CODE = YES;
				CLANG_WARN__DUPLICATE_METHOD_MATCH = YES;
				COPY_PHASE_STRIP = NO;
				DEBUG_INFORMATION_FORMAT = dwarf;
				ENABLE_STRICT_OBJC_MSGSEND = YES;
				ENABLE_TESTABILITY = YES;
				ENABLE_USER_SCRIPT_SANDBOXING = YES;
				GCC_C_LANGUAGE_STANDARD = gnu17;
				GCC_DYNAMIC_NO_PIC = NO;
				GCC_NO_COMMON_BLOCKS = YES;
				GCC_OPTIMIZATION_LEVEL = 0;
				GCC_PREPROCESSOR_DEFINITIONS = (
					"DEBUG=1",
					"$(inherited)",
				);
				GCC_WARN_64_TO_32_BIT_CONVERSION = YES;
				GCC_WARN_ABOUT_RETURN_TYPE = YES_ERROR;
				GCC_WARN_UNDECLARED_SELECTOR = YES;
				GCC_WARN_UNINITIALIZED_AUTOS = YES_AGGRESSIVE;
				GCC_WARN_UNUSED_FUNCTION = YES;
				GCC_WARN_UNUSED_VARIABLE = YES;
				LOCALIZATION_PREFERS_STRING_CATALOGS = YES;
				MTL_ENABLE_DEBUG_INFO = INCLUDE_SOURCE;
				MTL_FAST_MATH = YES;
				ONLY_ACTIVE_ARCH = YES;
				SWIFT_ACTIVE_COMPILATION_CONDITIONS = "DEBUG $(inherited)";
				SWIFT_OPTIMIZATION_LEVEL = "-Onone";
			};
			name = Debug;
		};
		01A312C52AB356CD00E2B9D2 /* Release */ = {
			isa = XCBuildConfiguration;
			buildSettings = {
				ALWAYS_SEARCH_USER_PATHS = NO;
				ASSETCATALOG_COMPILER_GENERATE_SWIFT_ASSET_SYMBOL_EXTENSIONS = YES;
				CLANG_ANALYZER_NONNULL = YES;
				CLANG_ANALYZER_NUMBER_OBJECT_CONVERSION = YES_AGGRESSIVE;
				CLANG_CXX_LANGUAGE_STANDARD = "gnu++20";
				CLANG_ENABLE_MODULES = YES;
				CLANG_ENABLE_OBJC_ARC = YES;
				CLANG_ENABLE_OBJC_WEAK = YES;
				CLANG_WARN_BLOCK_CAPTURE_AUTORELEASING = YES;
				CLANG_WARN_BOOL_CONVERSION = YES;
				CLANG_WARN_COMMA = YES;
				CLANG_WARN_CONSTANT_CONVERSION = YES;
				CLANG_WARN_DEPRECATED_OBJC_IMPLEMENTATIONS = YES;
				CLANG_WARN_DIRECT_OBJC_ISA_USAGE = YES_ERROR;
				CLANG_WARN_DOCUMENTATION_COMMENTS = YES;
				CLANG_WARN_EMPTY_BODY = YES;
				CLANG_WARN_ENUM_CONVERSION = YES;
				CLANG_WARN_INFINITE_RECURSION = YES;
				CLANG_WARN_INT_CONVERSION = YES;
				CLANG_WARN_NON_LITERAL_NULL_CONVERSION = YES;
				CLANG_WARN_OBJC_IMPLICIT_RETAIN_SELF = YES;
				CLANG_WARN_OBJC_LITERAL_CONVERSION = YES;
				CLANG_WARN_OBJC_ROOT_CLASS = YES_ERROR;
				CLANG_WARN_QUOTED_INCLUDE_IN_FRAMEWORK_HEADER = YES;
				CLANG_WARN_RANGE_LOOP_ANALYSIS = YES;
				CLANG_WARN_STRICT_PROTOTYPES = YES;
				CLANG_WARN_SUSPICIOUS_MOVE = YES;
				CLANG_WARN_UNGUARDED_AVAILABILITY = YES_AGGRESSIVE;
				CLANG_WARN_UNREACHABLE_CODE = YES;
				CLANG_WARN__DUPLICATE_METHOD_MATCH = YES;
				COPY_PHASE_STRIP = NO;
				DEBUG_INFORMATION_FORMAT = "dwarf-with-dsym";
				ENABLE_NS_ASSERTIONS = NO;
				ENABLE_STRICT_OBJC_MSGSEND = YES;
				ENABLE_USER_SCRIPT_SANDBOXING = YES;
				GCC_C_LANGUAGE_STANDARD = gnu17;
				GCC_NO_COMMON_BLOCKS = YES;
				GCC_WARN_64_TO_32_BIT_CONVERSION = YES;
				GCC_WARN_ABOUT_RETURN_TYPE = YES_ERROR;
				GCC_WARN_UNDECLARED_SELECTOR = YES;
				GCC_WARN_UNINITIALIZED_AUTOS = YES_AGGRESSIVE;
				GCC_WARN_UNUSED_FUNCTION = YES;
				GCC_WARN_UNUSED_VARIABLE = YES;
				LOCALIZATION_PREFERS_STRING_CATALOGS = YES;
				MTL_ENABLE_DEBUG_INFO = NO;
				MTL_FAST_MATH = YES;
				SWIFT_COMPILATION_MODE = wholemodule;
			};
			name = Release;
		};
		01A312C72AB356CD00E2B9D2 /* Debug */ = {
			isa = XCBuildConfiguration;
			buildSettings = {
				ASSETCATALOG_COMPILER_APPICON_NAME = AppIcon;
				ASSETCATALOG_COMPILER_GLOBAL_ACCENT_COLOR_NAME = AccentColor;
				CODE_SIGN_ENTITLEMENTS = "ESPN Clone/ESPN_Clone.entitlements";
				CODE_SIGN_STYLE = Automatic;
				CURRENT_PROJECT_VERSION = 1;
				DEVELOPMENT_ASSET_PATHS = "\"ESPN Clone/Preview Content\"";
				DEVELOPMENT_TEAM = PK8WVYF36Y;
				ENABLE_HARDENED_RUNTIME = YES;
				ENABLE_PREVIEWS = YES;
				GENERATE_INFOPLIST_FILE = YES;
				"INFOPLIST_KEY_UIApplicationSceneManifest_Generation[sdk=iphoneos*]" = YES;
				"INFOPLIST_KEY_UIApplicationSceneManifest_Generation[sdk=iphonesimulator*]" = YES;
				"INFOPLIST_KEY_UIApplicationSupportsIndirectInputEvents[sdk=iphoneos*]" = YES;
				"INFOPLIST_KEY_UIApplicationSupportsIndirectInputEvents[sdk=iphonesimulator*]" = YES;
				"INFOPLIST_KEY_UILaunchScreen_Generation[sdk=iphoneos*]" = YES;
				"INFOPLIST_KEY_UILaunchScreen_Generation[sdk=iphonesimulator*]" = YES;
				"INFOPLIST_KEY_UIStatusBarStyle[sdk=iphoneos*]" = UIStatusBarStyleDefault;
				"INFOPLIST_KEY_UIStatusBarStyle[sdk=iphonesimulator*]" = UIStatusBarStyleDefault;
				INFOPLIST_KEY_UISupportedInterfaceOrientations_iPad = "UIInterfaceOrientationPortrait UIInterfaceOrientationPortraitUpsideDown UIInterfaceOrientationLandscapeLeft UIInterfaceOrientationLandscapeRight";
				INFOPLIST_KEY_UISupportedInterfaceOrientations_iPhone = "UIInterfaceOrientationPortrait UIInterfaceOrientationLandscapeLeft UIInterfaceOrientationLandscapeRight";
				IPHONEOS_DEPLOYMENT_TARGET = 17.0;
				LD_RUNPATH_SEARCH_PATHS = "@executable_path/Frameworks";
				"LD_RUNPATH_SEARCH_PATHS[sdk=macosx*]" = "@executable_path/../Frameworks";
				MACOSX_DEPLOYMENT_TARGET = 14.0;
				MARKETING_VERSION = 1.0;
				PRODUCT_BUNDLE_IDENTIFIER = "com.nicholasblack.ESPN-Clone";
				PRODUCT_NAME = "$(TARGET_NAME)";
				SDKROOT = auto;
				SUPPORTED_PLATFORMS = "iphoneos iphonesimulator macosx";
				SWIFT_EMIT_LOC_STRINGS = YES;
				SWIFT_VERSION = 5.0;
				TARGETED_DEVICE_FAMILY = "1,2";
			};
			name = Debug;
		};
		01A312C82AB356CD00E2B9D2 /* Release */ = {
			isa = XCBuildConfiguration;
			buildSettings = {
				ASSETCATALOG_COMPILER_APPICON_NAME = AppIcon;
				ASSETCATALOG_COMPILER_GLOBAL_ACCENT_COLOR_NAME = AccentColor;
				CODE_SIGN_ENTITLEMENTS = "ESPN Clone/ESPN_Clone.entitlements";
				CODE_SIGN_STYLE = Automatic;
				CURRENT_PROJECT_VERSION = 1;
				DEVELOPMENT_ASSET_PATHS = "\"ESPN Clone/Preview Content\"";
				DEVELOPMENT_TEAM = PK8WVYF36Y;
				ENABLE_HARDENED_RUNTIME = YES;
				ENABLE_PREVIEWS = YES;
				GENERATE_INFOPLIST_FILE = YES;
				"INFOPLIST_KEY_UIApplicationSceneManifest_Generation[sdk=iphoneos*]" = YES;
				"INFOPLIST_KEY_UIApplicationSceneManifest_Generation[sdk=iphonesimulator*]" = YES;
				"INFOPLIST_KEY_UIApplicationSupportsIndirectInputEvents[sdk=iphoneos*]" = YES;
				"INFOPLIST_KEY_UIApplicationSupportsIndirectInputEvents[sdk=iphonesimulator*]" = YES;
				"INFOPLIST_KEY_UILaunchScreen_Generation[sdk=iphoneos*]" = YES;
				"INFOPLIST_KEY_UILaunchScreen_Generation[sdk=iphonesimulator*]" = YES;
				"INFOPLIST_KEY_UIStatusBarStyle[sdk=iphoneos*]" = UIStatusBarStyleDefault;
				"INFOPLIST_KEY_UIStatusBarStyle[sdk=iphonesimulator*]" = UIStatusBarStyleDefault;
				INFOPLIST_KEY_UISupportedInterfaceOrientations_iPad = "UIInterfaceOrientationPortrait UIInterfaceOrientationPortraitUpsideDown UIInterfaceOrientationLandscapeLeft UIInterfaceOrientationLandscapeRight";
				INFOPLIST_KEY_UISupportedInterfaceOrientations_iPhone = "UIInterfaceOrientationPortrait UIInterfaceOrientationLandscapeLeft UIInterfaceOrientationLandscapeRight";
				IPHONEOS_DEPLOYMENT_TARGET = 17.0;
				LD_RUNPATH_SEARCH_PATHS = "@executable_path/Frameworks";
				"LD_RUNPATH_SEARCH_PATHS[sdk=macosx*]" = "@executable_path/../Frameworks";
				MACOSX_DEPLOYMENT_TARGET = 14.0;
				MARKETING_VERSION = 1.0;
				PRODUCT_BUNDLE_IDENTIFIER = "com.nicholasblack.ESPN-Clone";
				PRODUCT_NAME = "$(TARGET_NAME)";
				SDKROOT = auto;
				SUPPORTED_PLATFORMS = "iphoneos iphonesimulator macosx";
				SWIFT_EMIT_LOC_STRINGS = YES;
				SWIFT_VERSION = 5.0;
				TARGETED_DEVICE_FAMILY = "1,2";
			};
			name = Release;
		};
/* End XCBuildConfiguration section */

/* Begin XCConfigurationList section */
		01A312B22AB356CA00E2B9D2 /* Build configuration list for PBXProject "ESPN Clone" */ = {
			isa = XCConfigurationList;
			buildConfigurations = (
				01A312C42AB356CD00E2B9D2 /* Debug */,
				01A312C52AB356CD00E2B9D2 /* Release */,
			);
			defaultConfigurationIsVisible = 0;
			defaultConfigurationName = Release;
		};
		01A312C62AB356CD00E2B9D2 /* Build configuration list for PBXNativeTarget "ESPN Clone" */ = {
			isa = XCConfigurationList;
			buildConfigurations = (
				01A312C72AB356CD00E2B9D2 /* Debug */,
				01A312C82AB356CD00E2B9D2 /* Release */,
			);
			defaultConfigurationIsVisible = 0;
			defaultConfigurationName = Release;
		};
/* End XCConfigurationList section */
	};
	rootObject = 01A312AF2AB356CA00E2B9D2 /* Project object */;
}
